// !$*UTF8*$!
{
	archiveVersion = 1;
	classes = {
	};
	objectVersion = 46;
	objects = {

/* Begin PBXBuildFile section */
		6F6F38D41C699CE2005D89B8 /* AppDelegate.swift in Sources */ = {isa = PBXBuildFile; fileRef = 6F6F38D31C699CE2005D89B8 /* AppDelegate.swift */; };
		6F6F38D61C699CE2005D89B8 /* Assets.xcassets in Resources */ = {isa = PBXBuildFile; fileRef = 6F6F38D51C699CE2005D89B8 /* Assets.xcassets */; };
		6F6F38D91C699CE2005D89B8 /* MainMenu.xib in Resources */ = {isa = PBXBuildFile; fileRef = 6F6F38D71C699CE2005D89B8 /* MainMenu.xib */; };
/* End PBXBuildFile section */

/* Begin PBXFileReference section */
		6F6F38D01C699CE2005D89B8 /* LatteGrab.app */ = {isa = PBXFileReference; explicitFileType = wrapper.application; includeInIndex = 0; path = LatteGrab.app; sourceTree = BUILT_PRODUCTS_DIR; };
		6F6F38D31C699CE2005D89B8 /* AppDelegate.swift */ = {isa = PBXFileReference; lastKnownFileType = sourcecode.swift; path = AppDelegate.swift; sourceTree = "<group>"; };
		6F6F38D51C699CE2005D89B8 /* Assets.xcassets */ = {isa = PBXFileReference; lastKnownFileType = folder.assetcatalog; path = Assets.xcassets; sourceTree = "<group>"; };
		6F6F38D81C699CE2005D89B8 /* Base */ = {isa = PBXFileReference; lastKnownFileType = file.xib; name = Base; path = Base.lproj/MainMenu.xib; sourceTree = "<group>"; };
		6F6F38DA1C699CE2005D89B8 /* Info.plist */ = {isa = PBXFileReference; lastKnownFileType = text.plist.xml; path = Info.plist; sourceTree = "<group>"; };
/* End PBXFileReference section */

/* Begin PBXFrameworksBuildPhase section */
		6F6F38CD1C699CE2005D89B8 /* Frameworks */ = {
			isa = PBXFrameworksBuildPhase;
			buildActionMask = 2147483647;
			files = (
			);
			runOnlyForDeploymentPostprocessing = 0;
		};
/* End PBXFrameworksBuildPhase section */

/* Begin PBXGroup section */
		6F6F38C71C699CE2005D89B8 = {
			isa = PBXGroup;
			children = (
				6F6F38D21C699CE2005D89B8 /* LatteGrab */,
				6F6F38D11C699CE2005D89B8 /* Products */,
			);
			sourceTree = "<group>";
		};
		6F6F38D11C699CE2005D89B8 /* Products */ = {
			isa = PBXGroup;
			children = (
				6F6F38D01C699CE2005D89B8 /* LatteGrab.app */,
			);
			name = Products;
			sourceTree = "<group>";
		};
		6F6F38D21C699CE2005D89B8 /* LatteGrab */ = {
			isa = PBXGroup;
			children = (
				6F6F38D31C699CE2005D89B8 /* AppDelegate.swift */,
				6F6F38D51C699CE2005D89B8 /* Assets.xcassets */,
				6F6F38D71C699CE2005D89B8 /* MainMenu.xib */,
				6F6F38DA1C699CE2005D89B8 /* Info.plist */,
			);
			path = LatteGrab;
			sourceTree = "<group>";
		};
/* End PBXGroup section */

/* Begin PBXNativeTarget section */
		6F6F38CF1C699CE2005D89B8 /* LatteGrab */ = {
			isa = PBXNativeTarget;
			buildConfigurationList = 6F6F38DD1C699CE2005D89B8 /* Build configuration list for PBXNativeTarget "LatteGrab" */;
			buildPhases = (
				6F6F38CC1C699CE2005D89B8 /* Sources */,
				6F6F38CD1C699CE2005D89B8 /* Frameworks */,
				6F6F38CE1C699CE2005D89B8 /* Resources */,
			);
			buildRules = (
			);
			dependencies = (
			);
			name = LatteGrab;
			productName = LatteGrab;
			productReference = 6F6F38D01C699CE2005D89B8 /* LatteGrab.app */;
			productType = "com.apple.product-type.application";
		};
/* End PBXNativeTarget section */

/* Begin PBXProject section */
		6F6F38C81C699CE2005D89B8 /* Project object */ = {
			isa = PBXProject;
			attributes = {
				LastSwiftUpdateCheck = 0720;
				LastUpgradeCheck = 0720;
				ORGANIZATIONNAME = "Eduardo Almeida";
				TargetAttributes = {
					6F6F38CF1C699CE2005D89B8 = {
						CreatedOnToolsVersion = 7.2;
					};
				};
			};
			buildConfigurationList = 6F6F38CB1C699CE2005D89B8 /* Build configuration list for PBXProject "LatteGrab" */;
			compatibilityVersion = "Xcode 3.2";
			developmentRegion = English;
			hasScannedForEncodings = 0;
			knownRegions = (
				en,
				Base,
			);
			mainGroup = 6F6F38C71C699CE2005D89B8;
			productRefGroup = 6F6F38D11C699CE2005D89B8 /* Products */;
			projectDirPath = "";
			projectRoot = "";
			targets = (
				6F6F38CF1C699CE2005D89B8 /* LatteGrab */,
			);
		};
/* End PBXProject section */

/* Begin PBXResourcesBuildPhase section */
		6F6F38CE1C699CE2005D89B8 /* Resources */ = {
			isa = PBXResourcesBuildPhase;
			buildActionMask = 2147483647;
			files = (
				6F6F38D61C699CE2005D89B8 /* Assets.xcassets in Resources */,
				6F6F38D91C699CE2005D89B8 /* MainMenu.xib in Resources */,
			);
			runOnlyForDeploymentPostprocessing = 0;
		};
/* End PBXResourcesBuildPhase section */

/* Begin PBXSourcesBuildPhase section */
		6F6F38CC1C699CE2005D89B8 /* Sources */ = {
			isa = PBXSourcesBuildPhase;
			buildActionMask = 2147483647;
			files = (
				6F6F38D41C699CE2005D89B8 /* AppDelegate.swift in Sources */,
			);
			runOnlyForDeploymentPostprocessing = 0;
		};
/* End PBXSourcesBuildPhase section */

/* Begin PBXVariantGroup section */
		6F6F38D71C699CE2005D89B8 /* MainMenu.xib */ = {
			isa = PBXVariantGroup;
			children = (
				6F6F38D81C699CE2005D89B8 /* Base */,
			);
			name = MainMenu.xib;
			sourceTree = "<group>";
		};
/* End PBXVariantGroup section */

/* Begin XCBuildConfiguration section */
		6F6F38DB1C699CE2005D89B8 /* Debug */ = {
			isa = XCBuildConfiguration;
			buildSettings = {
				ALWAYS_SEARCH_USER_PATHS = NO;
				CLANG_CXX_LANGUAGE_STANDARD = "gnu++0x";
				CLANG_CXX_LIBRARY = "libc++";
				CLANG_ENABLE_MODULES = YES;
				CLANG_ENABLE_OBJC_ARC = YES;
				CLANG_WARN_BOOL_CONVERSION = YES;
				CLANG_WARN_CONSTANT_CONVERSION = YES;
				CLANG_WARN_DIRECT_OBJC_ISA_USAGE = YES_ERROR;
				CLANG_WARN_EMPTY_BODY = YES;
				CLANG_WARN_ENUM_CONVERSION = YES;
				CLANG_WARN_INT_CONVERSION = YES;
				CLANG_WARN_OBJC_ROOT_CLASS = YES_ERROR;
				CLANG_WARN_UNREACHABLE_CODE = YES;
				CLANG_WARN__DUPLICATE_METHOD_MATCH = YES;
				CODE_SIGN_IDENTITY = "-";
				COPY_PHASE_STRIP = NO;
				DEBUG_INFORMATION_FORMAT = dwarf;
				ENABLE_STRICT_OBJC_MSGSEND = YES;
				ENABLE_TESTABILITY = YES;
				GCC_C_LANGUAGE_STANDARD = gnu99;
				GCC_DYNAMIC_NO_PIC = NO;
				GCC_NO_COMMON_BLOCKS = YES;
				GCC_OPTIMIZATION_LEVEL = 0;
				GCC_PREPROCESSOR_DEFINITIONS = (
					"DEBUG=1",
					"$(inherited)",
				);
				GCC_WARN_64_TO_32_BIT_CONVERSION = YES;
				GCC_WARN_ABOUT_RETURN_TYPE = YES_ERROR;
				GCC_WARN_UNDECLARED_SELECTOR = YES;
				GCC_WARN_UNINITIALIZED_AUTOS = YES_AGGRESSIVE;
				GCC_WARN_UNUSED_FUNCTION = YES;
				GCC_WARN_UNUSED_VARIABLE = YES;
				MACOSX_DEPLOYMENT_TARGET = 10.11;
				MTL_ENABLE_DEBUG_INFO = YES;
				ONLY_ACTIVE_ARCH = YES;
				SDKROOT = macosx;
				SWIFT_OPTIMIZATION_LEVEL = "-Onone";
			};
			name = Debug;
		};
		6F6F38DC1C699CE2005D89B8 /* Release */ = {
			isa = XCBuildConfiguration;
			buildSettings = {
				ALWAYS_SEARCH_USER_PATHS = NO;
				CLANG_CXX_LANGUAGE_STANDARD = "gnu++0x";
				CLANG_CXX_LIBRARY = "libc++";
				CLANG_ENABLE_MODULES = YES;
				CLANG_ENABLE_OBJC_ARC = YES;
				CLANG_WARN_BOOL_CONVERSION = YES;
				CLANG_WARN_CONSTANT_CONVERSION = YES;
				CLANG_WARN_DIRECT_OBJC_ISA_USAGE = YES_ERROR;
				CLANG_WARN_EMPTY_BODY = YES;
				CLANG_WARN_ENUM_CONVERSION = YES;
				CLANG_WARN_INT_CONVERSION = YES;
				CLANG_WARN_OBJC_ROOT_CLASS = YES_ERROR;
				CLANG_WARN_UNREACHABLE_CODE = YES;
				CLANG_WARN__DUPLICATE_METHOD_MATCH = YES;
				CODE_SIGN_IDENTITY = "-";
				COPY_PHASE_STRIP = NO;
				DEBUG_INFORMATION_FORMAT = "dwarf-with-dsym";
				ENABLE_NS_ASSERTIONS = NO;
				ENABLE_STRICT_OBJC_MSGSEND = YES;
				GCC_C_LANGUAGE_STANDARD = gnu99;
				GCC_NO_COMMON_BLOCKS = YES;
				GCC_WARN_64_TO_32_BIT_CONVERSION = YES;
				GCC_WARN_ABOUT_RETURN_TYPE = YES_ERROR;
				GCC_WARN_UNDECLARED_SELECTOR = YES;
				GCC_WARN_UNINITIALIZED_AUTOS = YES_AGGRESSIVE;
				GCC_WARN_UNUSED_FUNCTION = YES;
				GCC_WARN_UNUSED_VARIABLE = YES;
				MACOSX_DEPLOYMENT_TARGET = 10.11;
				MTL_ENABLE_DEBUG_INFO = NO;
				SDKROOT = macosx;
			};
			name = Release;
		};
		6F6F38DE1C699CE2005D89B8 /* Debug */ = {
			isa = XCBuildConfiguration;
			buildSettings = {
				ASSETCATALOG_COMPILER_APPICON_NAME = AppIcon;
				COMBINE_HIDPI_IMAGES = YES;
				INFOPLIST_FILE = LatteGrab/Info.plist;
				LD_RUNPATH_SEARCH_PATHS = "$(inherited) @executable_path/../Frameworks";
				PRODUCT_BUNDLE_IDENTIFIER = io.edr.LatteGrab;
				PRODUCT_NAME = "$(TARGET_NAME)";
			};
			name = Debug;
		};
		6F6F38DF1C699CE2005D89B8 /* Release */ = {
			isa = XCBuildConfiguration;
			buildSettings = {
				ASSETCATALOG_COMPILER_APPICON_NAME = AppIcon;
				COMBINE_HIDPI_IMAGES = YES;
				INFOPLIST_FILE = LatteGrab/Info.plist;
				LD_RUNPATH_SEARCH_PATHS = "$(inherited) @executable_path/../Frameworks";
				PRODUCT_BUNDLE_IDENTIFIER = io.edr.LatteGrab;
				PRODUCT_NAME = "$(TARGET_NAME)";
			};
			name = Release;
		};
/* End XCBuildConfiguration section */

/* Begin XCConfigurationList section */
		6F6F38CB1C699CE2005D89B8 /* Build configuration list for PBXProject "LatteGrab" */ = {
			isa = XCConfigurationList;
			buildConfigurations = (
				6F6F38DB1C699CE2005D89B8 /* Debug */,
				6F6F38DC1C699CE2005D89B8 /* Release */,
			);
			defaultConfigurationIsVisible = 0;
			defaultConfigurationName = Release;
		};
		6F6F38DD1C699CE2005D89B8 /* Build configuration list for PBXNativeTarget "LatteGrab" */ = {
			isa = XCConfigurationList;
			buildConfigurations = (
				6F6F38DE1C699CE2005D89B8 /* Debug */,
				6F6F38DF1C699CE2005D89B8 /* Release */,
			);
			defaultConfigurationIsVisible = 0;
		};
/* End XCConfigurationList section */
	};
	rootObject = 6F6F38C81C699CE2005D89B8 /* Project object */;
}
